// !$*UTF8*$!
{
	archiveVersion = 1;
	classes = {
	};
	objectVersion = 50;
	objects = {

/* Begin PBXBuildFile section */
		082516C1252923E500185CDE /* AppDelegate.swift in Sources */ = {isa = PBXBuildFile; fileRef = 082516C0252923E500185CDE /* AppDelegate.swift */; };
		082516C3252923E500185CDE /* SceneDelegate.swift in Sources */ = {isa = PBXBuildFile; fileRef = 082516C2252923E500185CDE /* SceneDelegate.swift */; };
		082516C5252923E500185CDE /* ViewController.swift in Sources */ = {isa = PBXBuildFile; fileRef = 082516C4252923E500185CDE /* ViewController.swift */; };
		082516C8252923E500185CDE /* Main.storyboard in Resources */ = {isa = PBXBuildFile; fileRef = 082516C6252923E500185CDE /* Main.storyboard */; };
		082516CA252923E600185CDE /* Assets.xcassets in Resources */ = {isa = PBXBuildFile; fileRef = 082516C9252923E600185CDE /* Assets.xcassets */; };
		082516CD252923E600185CDE /* LaunchScreen.storyboard in Resources */ = {isa = PBXBuildFile; fileRef = 082516CB252923E600185CDE /* LaunchScreen.storyboard */; };
		082516D8252923E700185CDE /* VideoDemoTests.swift in Sources */ = {isa = PBXBuildFile; fileRef = 082516D7252923E700185CDE /* VideoDemoTests.swift */; };
		082516E3252923E700185CDE /* VideoDemoUITests.swift in Sources */ = {isa = PBXBuildFile; fileRef = 082516E2252923E700185CDE /* VideoDemoUITests.swift */; };
/* End PBXBuildFile section */

/* Begin PBXContainerItemProxy section */
		082516D4252923E700185CDE /* PBXContainerItemProxy */ = {
			isa = PBXContainerItemProxy;
			containerPortal = 082516B5252923E500185CDE /* Project object */;
			proxyType = 1;
			remoteGlobalIDString = 082516BC252923E500185CDE;
			remoteInfo = VideoDemo;
		};
		082516DF252923E700185CDE /* PBXContainerItemProxy */ = {
			isa = PBXContainerItemProxy;
			containerPortal = 082516B5252923E500185CDE /* Project object */;
			proxyType = 1;
			remoteGlobalIDString = 082516BC252923E500185CDE;
			remoteInfo = VideoDemo;
		};
/* End PBXContainerItemProxy section */

/* Begin PBXFileReference section */
		082516BD252923E500185CDE /* VideoDemo.app */ = {isa = PBXFileReference; explicitFileType = wrapper.application; includeInIndex = 0; path = VideoDemo.app; sourceTree = BUILT_PRODUCTS_DIR; };
		082516C0252923E500185CDE /* AppDelegate.swift */ = {isa = PBXFileReference; lastKnownFileType = sourcecode.swift; path = AppDelegate.swift; sourceTree = "<group>"; };
		082516C2252923E500185CDE /* SceneDelegate.swift */ = {isa = PBXFileReference; lastKnownFileType = sourcecode.swift; path = SceneDelegate.swift; sourceTree = "<group>"; };
		082516C4252923E500185CDE /* ViewController.swift */ = {isa = PBXFileReference; lastKnownFileType = sourcecode.swift; path = ViewController.swift; sourceTree = "<group>"; };
		082516C7252923E500185CDE /* Base */ = {isa = PBXFileReference; lastKnownFileType = file.storyboard; name = Base; path = Base.lproj/Main.storyboard; sourceTree = "<group>"; };
		082516C9252923E600185CDE /* Assets.xcassets */ = {isa = PBXFileReference; lastKnownFileType = folder.assetcatalog; path = Assets.xcassets; sourceTree = "<group>"; };
		082516CC252923E600185CDE /* Base */ = {isa = PBXFileReference; lastKnownFileType = file.storyboard; name = Base; path = Base.lproj/LaunchScreen.storyboard; sourceTree = "<group>"; };
		082516CE252923E600185CDE /* Info.plist */ = {isa = PBXFileReference; lastKnownFileType = text.plist.xml; path = Info.plist; sourceTree = "<group>"; };
		082516D3252923E700185CDE /* VideoDemoTests.xctest */ = {isa = PBXFileReference; explicitFileType = wrapper.cfbundle; includeInIndex = 0; path = VideoDemoTests.xctest; sourceTree = BUILT_PRODUCTS_DIR; };
		082516D7252923E700185CDE /* VideoDemoTests.swift */ = {isa = PBXFileReference; lastKnownFileType = sourcecode.swift; path = VideoDemoTests.swift; sourceTree = "<group>"; };
		082516D9252923E700185CDE /* Info.plist */ = {isa = PBXFileReference; lastKnownFileType = text.plist.xml; path = Info.plist; sourceTree = "<group>"; };
		082516DE252923E700185CDE /* VideoDemoUITests.xctest */ = {isa = PBXFileReference; explicitFileType = wrapper.cfbundle; includeInIndex = 0; path = VideoDemoUITests.xctest; sourceTree = BUILT_PRODUCTS_DIR; };
		082516E2252923E700185CDE /* VideoDemoUITests.swift */ = {isa = PBXFileReference; lastKnownFileType = sourcecode.swift; path = VideoDemoUITests.swift; sourceTree = "<group>"; };
		082516E4252923E700185CDE /* Info.plist */ = {isa = PBXFileReference; lastKnownFileType = text.plist.xml; path = Info.plist; sourceTree = "<group>"; };
/* End PBXFileReference section */

/* Begin PBXFrameworksBuildPhase section */
		082516BA252923E500185CDE /* Frameworks */ = {
			isa = PBXFrameworksBuildPhase;
			buildActionMask = 2147483647;
			files = (
			);
			runOnlyForDeploymentPostprocessing = 0;
		};
		082516D0252923E700185CDE /* Frameworks */ = {
			isa = PBXFrameworksBuildPhase;
			buildActionMask = 2147483647;
			files = (
			);
			runOnlyForDeploymentPostprocessing = 0;
		};
		082516DB252923E700185CDE /* Frameworks */ = {
			isa = PBXFrameworksBuildPhase;
			buildActionMask = 2147483647;
			files = (
			);
			runOnlyForDeploymentPostprocessing = 0;
		};
/* End PBXFrameworksBuildPhase section */

/* Begin PBXGroup section */
		082516B4252923E500185CDE = {
			isa = PBXGroup;
			children = (
				082516BF252923E500185CDE /* VideoDemo */,
				082516D6252923E700185CDE /* VideoDemoTests */,
				082516E1252923E700185CDE /* VideoDemoUITests */,
				082516BE252923E500185CDE /* Products */,
			);
			sourceTree = "<group>";
		};
		082516BE252923E500185CDE /* Products */ = {
			isa = PBXGroup;
			children = (
				082516BD252923E500185CDE /* VideoDemo.app */,
				082516D3252923E700185CDE /* VideoDemoTests.xctest */,
				082516DE252923E700185CDE /* VideoDemoUITests.xctest */,
			);
			name = Products;
			sourceTree = "<group>";
		};
		082516BF252923E500185CDE /* VideoDemo */ = {
			isa = PBXGroup;
			children = (
				082516C0252923E500185CDE /* AppDelegate.swift */,
				082516C2252923E500185CDE /* SceneDelegate.swift */,
				082516C4252923E500185CDE /* ViewController.swift */,
				082516C6252923E500185CDE /* Main.storyboard */,
				082516C9252923E600185CDE /* Assets.xcassets */,
				082516CB252923E600185CDE /* LaunchScreen.storyboard */,
				082516CE252923E600185CDE /* Info.plist */,
			);
			path = VideoDemo;
			sourceTree = "<group>";
		};
		082516D6252923E700185CDE /* VideoDemoTests */ = {
			isa = PBXGroup;
			children = (
				082516D7252923E700185CDE /* VideoDemoTests.swift */,
				082516D9252923E700185CDE /* Info.plist */,
			);
			path = VideoDemoTests;
			sourceTree = "<group>";
		};
		082516E1252923E700185CDE /* VideoDemoUITests */ = {
			isa = PBXGroup;
			children = (
				082516E2252923E700185CDE /* VideoDemoUITests.swift */,
				082516E4252923E700185CDE /* Info.plist */,
			);
			path = VideoDemoUITests;
			sourceTree = "<group>";
		};
/* End PBXGroup section */

/* Begin PBXNativeTarget section */
		082516BC252923E500185CDE /* VideoDemo */ = {
			isa = PBXNativeTarget;
			buildConfigurationList = 082516E7252923E700185CDE /* Build configuration list for PBXNativeTarget "VideoDemo" */;
			buildPhases = (
				082516B9252923E500185CDE /* Sources */,
				082516BA252923E500185CDE /* Frameworks */,
				082516BB252923E500185CDE /* Resources */,
			);
			buildRules = (
			);
			dependencies = (
			);
			name = VideoDemo;
			productName = VideoDemo;
			productReference = 082516BD252923E500185CDE /* VideoDemo.app */;
			productType = "com.apple.product-type.application";
		};
		082516D2252923E700185CDE /* VideoDemoTests */ = {
			isa = PBXNativeTarget;
			buildConfigurationList = 082516EA252923E700185CDE /* Build configuration list for PBXNativeTarget "VideoDemoTests" */;
			buildPhases = (
				082516CF252923E700185CDE /* Sources */,
				082516D0252923E700185CDE /* Frameworks */,
				082516D1252923E700185CDE /* Resources */,
			);
			buildRules = (
			);
			dependencies = (
				082516D5252923E700185CDE /* PBXTargetDependency */,
			);
			name = VideoDemoTests;
			productName = VideoDemoTests;
			productReference = 082516D3252923E700185CDE /* VideoDemoTests.xctest */;
			productType = "com.apple.product-type.bundle.unit-test";
		};
		082516DD252923E700185CDE /* VideoDemoUITests */ = {
			isa = PBXNativeTarget;
			buildConfigurationList = 082516ED252923E700185CDE /* Build configuration list for PBXNativeTarget "VideoDemoUITests" */;
			buildPhases = (
				082516DA252923E700185CDE /* Sources */,
				082516DB252923E700185CDE /* Frameworks */,
				082516DC252923E700185CDE /* Resources */,
			);
			buildRules = (
			);
			dependencies = (
				082516E0252923E700185CDE /* PBXTargetDependency */,
			);
			name = VideoDemoUITests;
			productName = VideoDemoUITests;
			productReference = 082516DE252923E700185CDE /* VideoDemoUITests.xctest */;
			productType = "com.apple.product-type.bundle.ui-testing";
		};
/* End PBXNativeTarget section */

/* Begin PBXProject section */
		082516B5252923E500185CDE /* Project object */ = {
			isa = PBXProject;
			attributes = {
				LastSwiftUpdateCheck = 1200;
				LastUpgradeCheck = 1200;
				TargetAttributes = {
					082516BC252923E500185CDE = {
						CreatedOnToolsVersion = 12.0;
					};
					082516D2252923E700185CDE = {
						CreatedOnToolsVersion = 12.0;
						TestTargetID = 082516BC252923E500185CDE;
					};
					082516DD252923E700185CDE = {
						CreatedOnToolsVersion = 12.0;
						TestTargetID = 082516BC252923E500185CDE;
					};
				};
			};
			buildConfigurationList = 082516B8252923E500185CDE /* Build configuration list for PBXProject "VideoDemo" */;
			compatibilityVersion = "Xcode 9.3";
			developmentRegion = en;
			hasScannedForEncodings = 0;
			knownRegions = (
				en,
				Base,
			);
			mainGroup = 082516B4252923E500185CDE;
			productRefGroup = 082516BE252923E500185CDE /* Products */;
			projectDirPath = "";
			projectRoot = "";
			targets = (
				082516BC252923E500185CDE /* VideoDemo */,
				082516D2252923E700185CDE /* VideoDemoTests */,
				082516DD252923E700185CDE /* VideoDemoUITests */,
			);
		};
/* End PBXProject section */

/* Begin PBXResourcesBuildPhase section */
		082516BB252923E500185CDE /* Resources */ = {
			isa = PBXResourcesBuildPhase;
			buildActionMask = 2147483647;
			files = (
				082516CD252923E600185CDE /* LaunchScreen.storyboard in Resources */,
				082516CA252923E600185CDE /* Assets.xcassets in Resources */,
				082516C8252923E500185CDE /* Main.storyboard in Resources */,
			);
			runOnlyForDeploymentPostprocessing = 0;
		};
		082516D1252923E700185CDE /* Resources */ = {
			isa = PBXResourcesBuildPhase;
			buildActionMask = 2147483647;
			files = (
			);
			runOnlyForDeploymentPostprocessing = 0;
		};
		082516DC252923E700185CDE /* Resources */ = {
			isa = PBXResourcesBuildPhase;
			buildActionMask = 2147483647;
			files = (
			);
			runOnlyForDeploymentPostprocessing = 0;
		};
/* End PBXResourcesBuildPhase section */

/* Begin PBXSourcesBuildPhase section */
		082516B9252923E500185CDE /* Sources */ = {
			isa = PBXSourcesBuildPhase;
			buildActionMask = 2147483647;
			files = (
				082516C5252923E500185CDE /* ViewController.swift in Sources */,
				082516C1252923E500185CDE /* AppDelegate.swift in Sources */,
				082516C3252923E500185CDE /* SceneDelegate.swift in Sources */,
			);
			runOnlyForDeploymentPostprocessing = 0;
		};
		082516CF252923E700185CDE /* Sources */ = {
			isa = PBXSourcesBuildPhase;
			buildActionMask = 2147483647;
			files = (
				082516D8252923E700185CDE /* VideoDemoTests.swift in Sources */,
			);
			runOnlyForDeploymentPostprocessing = 0;
		};
		082516DA252923E700185CDE /* Sources */ = {
			isa = PBXSourcesBuildPhase;
			buildActionMask = 2147483647;
			files = (
				082516E3252923E700185CDE /* VideoDemoUITests.swift in Sources */,
			);
			runOnlyForDeploymentPostprocessing = 0;
		};
/* End PBXSourcesBuildPhase section */

/* Begin PBXTargetDependency section */
		082516D5252923E700185CDE /* PBXTargetDependency */ = {
			isa = PBXTargetDependency;
			target = 082516BC252923E500185CDE /* VideoDemo */;
			targetProxy = 082516D4252923E700185CDE /* PBXContainerItemProxy */;
		};
		082516E0252923E700185CDE /* PBXTargetDependency */ = {
			isa = PBXTargetDependency;
			target = 082516BC252923E500185CDE /* VideoDemo */;
			targetProxy = 082516DF252923E700185CDE /* PBXContainerItemProxy */;
		};
/* End PBXTargetDependency section */

/* Begin PBXVariantGroup section */
		082516C6252923E500185CDE /* Main.storyboard */ = {
			isa = PBXVariantGroup;
			children = (
				082516C7252923E500185CDE /* Base */,
			);
			name = Main.storyboard;
			sourceTree = "<group>";
		};
		082516CB252923E600185CDE /* LaunchScreen.storyboard */ = {
			isa = PBXVariantGroup;
			children = (
				082516CC252923E600185CDE /* Base */,
			);
			name = LaunchScreen.storyboard;
			sourceTree = "<group>";
		};
/* End PBXVariantGroup section */

/* Begin XCBuildConfiguration section */
		082516E5252923E700185CDE /* Debug */ = {
			isa = XCBuildConfiguration;
			buildSettings = {
				ALWAYS_SEARCH_USER_PATHS = NO;
				CLANG_ANALYZER_NONNULL = YES;
				CLANG_ANALYZER_NUMBER_OBJECT_CONVERSION = YES_AGGRESSIVE;
				CLANG_CXX_LANGUAGE_STANDARD = "gnu++14";
				CLANG_CXX_LIBRARY = "libc++";
				CLANG_ENABLE_MODULES = YES;
				CLANG_ENABLE_OBJC_ARC = YES;
				CLANG_ENABLE_OBJC_WEAK = YES;
				CLANG_WARN_BLOCK_CAPTURE_AUTORELEASING = YES;
				CLANG_WARN_BOOL_CONVERSION = YES;
				CLANG_WARN_COMMA = YES;
				CLANG_WARN_CONSTANT_CONVERSION = YES;
				CLANG_WARN_DEPRECATED_OBJC_IMPLEMENTATIONS = YES;
				CLANG_WARN_DIRECT_OBJC_ISA_USAGE = YES_ERROR;
				CLANG_WARN_DOCUMENTATION_COMMENTS = YES;
				CLANG_WARN_EMPTY_BODY = YES;
				CLANG_WARN_ENUM_CONVERSION = YES;
				CLANG_WARN_INFINITE_RECURSION = YES;
				CLANG_WARN_INT_CONVERSION = YES;
				CLANG_WARN_NON_LITERAL_NULL_CONVERSION = YES;
				CLANG_WARN_OBJC_IMPLICIT_RETAIN_SELF = YES;
				CLANG_WARN_OBJC_LITERAL_CONVERSION = YES;
				CLANG_WARN_OBJC_ROOT_CLASS = YES_ERROR;
				CLANG_WARN_QUOTED_INCLUDE_IN_FRAMEWORK_HEADER = YES;
				CLANG_WARN_RANGE_LOOP_ANALYSIS = YES;
				CLANG_WARN_STRICT_PROTOTYPES = YES;
				CLANG_WARN_SUSPICIOUS_MOVE = YES;
				CLANG_WARN_UNGUARDED_AVAILABILITY = YES_AGGRESSIVE;
				CLANG_WARN_UNREACHABLE_CODE = YES;
				CLANG_WARN__DUPLICATE_METHOD_MATCH = YES;
				COPY_PHASE_STRIP = NO;
				DEBUG_INFORMATION_FORMAT = dwarf;
				ENABLE_STRICT_OBJC_MSGSEND = YES;
				ENABLE_TESTABILITY = YES;
				GCC_C_LANGUAGE_STANDARD = gnu11;
				GCC_DYNAMIC_NO_PIC = NO;
				GCC_NO_COMMON_BLOCKS = YES;
				GCC_OPTIMIZATION_LEVEL = 0;
				GCC_PREPROCESSOR_DEFINITIONS = (
					"DEBUG=1",
					"$(inherited)",
				);
				GCC_WARN_64_TO_32_BIT_CONVERSION = YES;
				GCC_WARN_ABOUT_RETURN_TYPE = YES_ERROR;
				GCC_WARN_UNDECLARED_SELECTOR = YES;
				GCC_WARN_UNINITIALIZED_AUTOS = YES_AGGRESSIVE;
				GCC_WARN_UNUSED_FUNCTION = YES;
				GCC_WARN_UNUSED_VARIABLE = YES;
				IPHONEOS_DEPLOYMENT_TARGET = 14.0;
				MTL_ENABLE_DEBUG_INFO = INCLUDE_SOURCE;
				MTL_FAST_MATH = YES;
				ONLY_ACTIVE_ARCH = YES;
				SDKROOT = iphoneos;
				SWIFT_ACTIVE_COMPILATION_CONDITIONS = DEBUG;
				SWIFT_OPTIMIZATION_LEVEL = "-Onone";
			};
			name = Debug;
		};
		082516E6252923E700185CDE /* Release */ = {
			isa = XCBuildConfiguration;
			buildSettings = {
				ALWAYS_SEARCH_USER_PATHS = NO;
				CLANG_ANALYZER_NONNULL = YES;
				CLANG_ANALYZER_NUMBER_OBJECT_CONVERSION = YES_AGGRESSIVE;
				CLANG_CXX_LANGUAGE_STANDARD = "gnu++14";
				CLANG_CXX_LIBRARY = "libc++";
				CLANG_ENABLE_MODULES = YES;
				CLANG_ENABLE_OBJC_ARC = YES;
				CLANG_ENABLE_OBJC_WEAK = YES;
				CLANG_WARN_BLOCK_CAPTURE_AUTORELEASING = YES;
				CLANG_WARN_BOOL_CONVERSION = YES;
				CLANG_WARN_COMMA = YES;
				CLANG_WARN_CONSTANT_CONVERSION = YES;
				CLANG_WARN_DEPRECATED_OBJC_IMPLEMENTATIONS = YES;
				CLANG_WARN_DIRECT_OBJC_ISA_USAGE = YES_ERROR;
				CLANG_WARN_DOCUMENTATION_COMMENTS = YES;
				CLANG_WARN_EMPTY_BODY = YES;
				CLANG_WARN_ENUM_CONVERSION = YES;
				CLANG_WARN_INFINITE_RECURSION = YES;
				CLANG_WARN_INT_CONVERSION = YES;
				CLANG_WARN_NON_LITERAL_NULL_CONVERSION = YES;
				CLANG_WARN_OBJC_IMPLICIT_RETAIN_SELF = YES;
				CLANG_WARN_OBJC_LITERAL_CONVERSION = YES;
				CLANG_WARN_OBJC_ROOT_CLASS = YES_ERROR;
				CLANG_WARN_QUOTED_INCLUDE_IN_FRAMEWORK_HEADER = YES;
				CLANG_WARN_RANGE_LOOP_ANALYSIS = YES;
				CLANG_WARN_STRICT_PROTOTYPES = YES;
				CLANG_WARN_SUSPICIOUS_MOVE = YES;
				CLANG_WARN_UNGUARDED_AVAILABILITY = YES_AGGRESSIVE;
				CLANG_WARN_UNREACHABLE_CODE = YES;
				CLANG_WARN__DUPLICATE_METHOD_MATCH = YES;
				COPY_PHASE_STRIP = NO;
				DEBUG_INFORMATION_FORMAT = "dwarf-with-dsym";
				ENABLE_NS_ASSERTIONS = NO;
				ENABLE_STRICT_OBJC_MSGSEND = YES;
				GCC_C_LANGUAGE_STANDARD = gnu11;
				GCC_NO_COMMON_BLOCKS = YES;
				GCC_WARN_64_TO_32_BIT_CONVERSION = YES;
				GCC_WARN_ABOUT_RETURN_TYPE = YES_ERROR;
				GCC_WARN_UNDECLARED_SELECTOR = YES;
				GCC_WARN_UNINITIALIZED_AUTOS = YES_AGGRESSIVE;
				GCC_WARN_UNUSED_FUNCTION = YES;
				GCC_WARN_UNUSED_VARIABLE = YES;
				IPHONEOS_DEPLOYMENT_TARGET = 14.0;
				MTL_ENABLE_DEBUG_INFO = NO;
				MTL_FAST_MATH = YES;
				SDKROOT = iphoneos;
				SWIFT_COMPILATION_MODE = wholemodule;
				SWIFT_OPTIMIZATION_LEVEL = "-O";
				VALIDATE_PRODUCT = YES;
			};
			name = Release;
		};
		082516E8252923E700185CDE /* Debug */ = {
			isa = XCBuildConfiguration;
			buildSettings = {
				ASSETCATALOG_COMPILER_APPICON_NAME = AppIcon;
				ASSETCATALOG_COMPILER_GLOBAL_ACCENT_COLOR_NAME = AccentColor;
				CODE_SIGN_STYLE = Automatic;
				DEVELOPMENT_TEAM = CPX7FN2K89;
				INFOPLIST_FILE = VideoDemo/Info.plist;
				LD_RUNPATH_SEARCH_PATHS = (
					"$(inherited)",
					"@executable_path/Frameworks",
				);
				PRODUCT_BUNDLE_IDENTIFIER = dev.erikflores.VideoDemo;
				PRODUCT_NAME = "$(TARGET_NAME)";
				SWIFT_VERSION = 5.0;
				TARGETED_DEVICE_FAMILY = "1,2";
			};
			name = Debug;
		};
		082516E9252923E700185CDE /* Release */ = {
			isa = XCBuildConfiguration;
			buildSettings = {
				ASSETCATALOG_COMPILER_APPICON_NAME = AppIcon;
				ASSETCATALOG_COMPILER_GLOBAL_ACCENT_COLOR_NAME = AccentColor;
				CODE_SIGN_STYLE = Automatic;
				DEVELOPMENT_TEAM = CPX7FN2K89;
				INFOPLIST_FILE = VideoDemo/Info.plist;
				LD_RUNPATH_SEARCH_PATHS = (
					"$(inherited)",
					"@executable_path/Frameworks",
				);
				PRODUCT_BUNDLE_IDENTIFIER = dev.erikflores.VideoDemo;
				PRODUCT_NAME = "$(TARGET_NAME)";
				SWIFT_VERSION = 5.0;
				TARGETED_DEVICE_FAMILY = "1,2";
			};
			name = Release;
		};
		082516EB252923E700185CDE /* Debug */ = {
			isa = XCBuildConfiguration;
			buildSettings = {
				ALWAYS_EMBED_SWIFT_STANDARD_LIBRARIES = YES;
				BUNDLE_LOADER = "$(TEST_HOST)";
				CODE_SIGN_STYLE = Automatic;
				DEVELOPMENT_TEAM = CPX7FN2K89;
				INFOPLIST_FILE = VideoDemoTests/Info.plist;
				IPHONEOS_DEPLOYMENT_TARGET = 14.0;
				LD_RUNPATH_SEARCH_PATHS = (
					"$(inherited)",
					"@executable_path/Frameworks",
					"@loader_path/Frameworks",
				);
				PRODUCT_BUNDLE_IDENTIFIER = dev.erikflores.VideoDemoTests;
				PRODUCT_NAME = "$(TARGET_NAME)";
				SWIFT_VERSION = 5.0;
				TARGETED_DEVICE_FAMILY = "1,2";
				TEST_HOST = "$(BUILT_PRODUCTS_DIR)/VideoDemo.app/VideoDemo";
			};
			name = Debug;
		};
		082516EC252923E700185CDE /* Release */ = {
			isa = XCBuildConfiguration;
			buildSettings = {
				ALWAYS_EMBED_SWIFT_STANDARD_LIBRARIES = YES;
				BUNDLE_LOADER = "$(TEST_HOST)";
				CODE_SIGN_STYLE = Automatic;
				DEVELOPMENT_TEAM = CPX7FN2K89;
				INFOPLIST_FILE = VideoDemoTests/Info.plist;
				IPHONEOS_DEPLOYMENT_TARGET = 14.0;
				LD_RUNPATH_SEARCH_PATHS = (
					"$(inherited)",
					"@executable_path/Frameworks",
					"@loader_path/Frameworks",
				);
				PRODUCT_BUNDLE_IDENTIFIER = dev.erikflores.VideoDemoTests;
				PRODUCT_NAME = "$(TARGET_NAME)";
				SWIFT_VERSION = 5.0;
				TARGETED_DEVICE_FAMILY = "1,2";
				TEST_HOST = "$(BUILT_PRODUCTS_DIR)/VideoDemo.app/VideoDemo";
			};
			name = Release;
		};
		082516EE252923E700185CDE /* Debug */ = {
			isa = XCBuildConfiguration;
			buildSettings = {
				ALWAYS_EMBED_SWIFT_STANDARD_LIBRARIES = YES;
				CODE_SIGN_STYLE = Automatic;
				DEVELOPMENT_TEAM = CPX7FN2K89;
				INFOPLIST_FILE = VideoDemoUITests/Info.plist;
				LD_RUNPATH_SEARCH_PATHS = (
					"$(inherited)",
					"@executable_path/Frameworks",
					"@loader_path/Frameworks",
				);
				PRODUCT_BUNDLE_IDENTIFIER = dev.erikflores.VideoDemoUITests;
				PRODUCT_NAME = "$(TARGET_NAME)";
				SWIFT_VERSION = 5.0;
				TARGETED_DEVICE_FAMILY = "1,2";
				TEST_TARGET_NAME = VideoDemo;
			};
			name = Debug;
		};
		082516EF252923E700185CDE /* Release */ = {
			isa = XCBuildConfiguration;
			buildSettings = {
				ALWAYS_EMBED_SWIFT_STANDARD_LIBRARIES = YES;
				CODE_SIGN_STYLE = Automatic;
				DEVELOPMENT_TEAM = CPX7FN2K89;
				INFOPLIST_FILE = VideoDemoUITests/Info.plist;
				LD_RUNPATH_SEARCH_PATHS = (
					"$(inherited)",
					"@executable_path/Frameworks",
					"@loader_path/Frameworks",
				);
				PRODUCT_BUNDLE_IDENTIFIER = dev.erikflores.VideoDemoUITests;
				PRODUCT_NAME = "$(TARGET_NAME)";
				SWIFT_VERSION = 5.0;
				TARGETED_DEVICE_FAMILY = "1,2";
				TEST_TARGET_NAME = VideoDemo;
			};
			name = Release;
		};
/* End XCBuildConfiguration section */

/* Begin XCConfigurationList section */
		082516B8252923E500185CDE /* Build configuration list for PBXProject "VideoDemo" */ = {
			isa = XCConfigurationList;
			buildConfigurations = (
				082516E5252923E700185CDE /* Debug */,
				082516E6252923E700185CDE /* Release */,
			);
			defaultConfigurationIsVisible = 0;
			defaultConfigurationName = Release;
		};
		082516E7252923E700185CDE /* Build configuration list for PBXNativeTarget "VideoDemo" */ = {
			isa = XCConfigurationList;
			buildConfigurations = (
				082516E8252923E700185CDE /* Debug */,
				082516E9252923E700185CDE /* Release */,
			);
			defaultConfigurationIsVisible = 0;
			defaultConfigurationName = Release;
		};
		082516EA252923E700185CDE /* Build configuration list for PBXNativeTarget "VideoDemoTests" */ = {
			isa = XCConfigurationList;
			buildConfigurations = (
				082516EB252923E700185CDE /* Debug */,
				082516EC252923E700185CDE /* Release */,
			);
			defaultConfigurationIsVisible = 0;
			defaultConfigurationName = Release;
		};
		082516ED252923E700185CDE /* Build configuration list for PBXNativeTarget "VideoDemoUITests" */ = {
			isa = XCConfigurationList;
			buildConfigurations = (
				082516EE252923E700185CDE /* Debug */,
				082516EF252923E700185CDE /* Release */,
			);
			defaultConfigurationIsVisible = 0;
			defaultConfigurationName = Release;
		};
/* End XCConfigurationList section */
	};
	rootObject = 082516B5252923E500185CDE /* Project object */;
}
